
Microsoft Visual Studio Solution File, Format Version 12.00
# Visual Studio 2013
VisualStudioVersion = 12.0.30723.0
MinimumVisualStudioVersion = 10.0.40219.1
Project("{FAE04EC0-301F-11D3-BF4B-00C04F79EFBC}") = "SeparatorAPI", "SeparatorAPI\SeparatorAPI.csproj", "{1D398029-3A36-43A4-9E54-2032804B7DBD}"
EndProject
Project("{FAE04EC0-301F-11D3-BF4B-00C04F79EFBC}") = "Business", "Business\Business.csproj", "{69DAF336-C422-4FD9-BFF3-4CB0625C9C3A}"
EndProject
Project("{FAE04EC0-301F-11D3-BF4B-00C04F79EFBC}") = "SolverSDK", "SolverSDK\SolverSDK.csproj", "{BAE13828-CC51-4136-AAD4-2A38C3FCBC6A}"
EndProject
Global
	GlobalSection(SolutionConfigurationPlatforms) = preSolution
		Debug|Any CPU = Debug|Any CPU
		Release|Any CPU = Release|Any CPU
	EndGlobalSection
	GlobalSection(ProjectConfigurationPlatforms) = postSolution
		{1D398029-3A36-43A4-9E54-2032804B7DBD}.Debug|Any CPU.ActiveCfg = Debug|Any CPU
		{1D398029-3A36-43A4-9E54-2032804B7DBD}.Debug|Any CPU.Build.0 = Debug|Any CPU
		{1D398029-3A36-43A4-9E54-2032804B7DBD}.Release|Any CPU.ActiveCfg = Release|Any CPU
		{1D398029-3A36-43A4-9E54-2032804B7DBD}.Release|Any CPU.Build.0 = Release|Any CPU
		{69DAF336-C422-4FD9-BFF3-4CB0625C9C3A}.Debug|Any CPU.ActiveCfg = Debug|Any CPU
		{69DAF336-C422-4FD9-BFF3-4CB0625C9C3A}.Debug|Any CPU.Build.0 = Debug|Any CPU
		{69DAF336-C422-4FD9-BFF3-4CB0625C9C3A}.Release|Any CPU.ActiveCfg = Release|Any CPU
		{69DAF336-C422-4FD9-BFF3-4CB0625C9C3A}.Release|Any CPU.Build.0 = Release|Any CPU
		{BAE13828-CC51-4136-AAD4-2A38C3FCBC6A}.Debug|Any CPU.ActiveCfg = Debug|Any CPU
		{BAE13828-CC51-4136-AAD4-2A38C3FCBC6A}.Debug|Any CPU.Build.0 = Debug|Any CPU
		{BAE13828-CC51-4136-AAD4-2A38C3FCBC6A}.Release|Any CPU.ActiveCfg = Release|Any CPU
		{BAE13828-CC51-4136-AAD4-2A38C3FCBC6A}.Release|Any CPU.Build.0 = Release|Any CPU
	EndGlobalSection
	GlobalSection(SolutionProperties) = preSolution
		HideSolutionNode = FALSE
	EndGlobalSection
EndGlobal
