
Microsoft Visual Studio Solution File, Format Version 12.00
# Visual Studio 2013
VisualStudioVersion = 12.0.30723.0
MinimumVisualStudioVersion = 10.0.40219.1
Project("{FAE04EC0-301F-11D3-BF4B-00C04F79EFBC}") = "SeparatorAPI", "SeparatorAPI\SeparatorAPI.csproj", "{1D398029-3A36-43A4-9E54-2032804B7DBD}"
EndProject
Project("{FAE04EC0-301F-11D3-BF4B-00C04F79EFBC}") = "Business", "Business\Business.csproj", "{69DAF336-C422-4FD9-BFF3-4CB0625C9C3A}"
EndProject
Project("{2150E333-8FDC-42A3-9474-1A3956D46DE8}") = "PublishScripts", "PublishScripts", "{414BD6F4-B089-4DBF-A90B-E7CA62F4B478}"
	ProjectSection(SolutionItems) = preProject
		PublishScripts\AzureWebsitePublishModule.psm1 = PublishScripts\AzureWebsitePublishModule.psm1
		PublishScripts\Publish-WebApplicationWebsite.ps1 = PublishScripts\Publish-WebApplicationWebsite.ps1
	EndProjectSection
EndProject
Project("{2150E333-8FDC-42A3-9474-1A3956D46DE8}") = "Configurations", "Configurations", "{9DFEBF7B-6045-46F4-800D-B1B09CF35EFA}"
	ProjectSection(SolutionItems) = preProject
		PublishScripts\Configurations\SeparatorSizeApi-WAWS-dev.json = PublishScripts\Configurations\SeparatorSizeApi-WAWS-dev.json
	EndProjectSection
EndProject
Project("{FAE04EC0-301F-11D3-BF4B-00C04F79EFBC}") = "SolverSdk", "SolSdk\SolverSdk.csproj", "{ABFA12B9-E196-4B70-962C-AA9106315786}"
EndProject
Project("{2150E333-8FDC-42A3-9474-1A3956D46DE8}") = "Site", "Site", "{F708C4E1-38D5-4FFA-8FDE-5AF061A9BB1E}"
	ProjectSection(SolutionItems) = preProject
		Site\Json = Site\Json
		Site\Participants - PetroSkills   Petroleum Courses & Training.htm = Site\Participants - PetroSkills   Petroleum Courses & Training.htm
		Site\SeparatorController.js = Site\SeparatorController.js
		Site\SeparatorInput.js = Site\SeparatorInput.js
		Site\SeparatorResponse.js = Site\SeparatorResponse.js
		Site\SeparatorSizing.css = Site\SeparatorSizing.css
		Site\SeparatorView.js = Site\SeparatorView.js
		Site\test.html = Site\test.html
	EndProjectSection
EndProject
Global
	GlobalSection(SolutionConfigurationPlatforms) = preSolution
		Debug|Any CPU = Debug|Any CPU
		Release|Any CPU = Release|Any CPU
	EndGlobalSection
	GlobalSection(ProjectConfigurationPlatforms) = postSolution
		{1D398029-3A36-43A4-9E54-2032804B7DBD}.Debug|Any CPU.ActiveCfg = Debug|Any CPU
		{1D398029-3A36-43A4-9E54-2032804B7DBD}.Debug|Any CPU.Build.0 = Debug|Any CPU
		{1D398029-3A36-43A4-9E54-2032804B7DBD}.Release|Any CPU.ActiveCfg = Release|Any CPU
		{1D398029-3A36-43A4-9E54-2032804B7DBD}.Release|Any CPU.Build.0 = Release|Any CPU
		{69DAF336-C422-4FD9-BFF3-4CB0625C9C3A}.Debug|Any CPU.ActiveCfg = Debug|Any CPU
		{69DAF336-C422-4FD9-BFF3-4CB0625C9C3A}.Debug|Any CPU.Build.0 = Debug|Any CPU
		{69DAF336-C422-4FD9-BFF3-4CB0625C9C3A}.Release|Any CPU.ActiveCfg = Release|Any CPU
		{69DAF336-C422-4FD9-BFF3-4CB0625C9C3A}.Release|Any CPU.Build.0 = Release|Any CPU
		{ABFA12B9-E196-4B70-962C-AA9106315786}.Debug|Any CPU.ActiveCfg = Debug|Any CPU
		{ABFA12B9-E196-4B70-962C-AA9106315786}.Debug|Any CPU.Build.0 = Debug|Any CPU
		{ABFA12B9-E196-4B70-962C-AA9106315786}.Release|Any CPU.ActiveCfg = Release|Any CPU
		{ABFA12B9-E196-4B70-962C-AA9106315786}.Release|Any CPU.Build.0 = Release|Any CPU
	EndGlobalSection
	GlobalSection(SolutionProperties) = preSolution
		HideSolutionNode = FALSE
	EndGlobalSection
	GlobalSection(NestedProjects) = preSolution
		{9DFEBF7B-6045-46F4-800D-B1B09CF35EFA} = {414BD6F4-B089-4DBF-A90B-E7CA62F4B478}
	EndGlobalSection
EndGlobal
